
Microsoft Visual Studio Solution File, Format Version 12.00
# Visual Studio Version 17
VisualStudioVersion = 17.5.33516.290
MinimumVisualStudioVersion = 10.0.40219.1
Project("{FAE04EC0-301F-11D3-BF4B-00C04F79EFBC}") = "GCE_API_Test", "GCE_API_Test\GCE_API_Test.csproj", "{69D06896-EB65-4941-B269-A338DD93F9A8}"
EndProject
Global
	GlobalSection(SolutionConfigurationPlatforms) = preSolution
		Debug|Any CPU = Debug|Any CPU
		Release|Any CPU = Release|Any CPU
	EndGlobalSection
	GlobalSection(ProjectConfigurationPlatforms) = postSolution
		{69D06896-EB65-4941-B269-A338DD93F9A8}.Debug|Any CPU.ActiveCfg = Debug|Any CPU
		{69D06896-EB65-4941-B269-A338DD93F9A8}.Debug|Any CPU.Build.0 = Debug|Any CPU
		{69D06896-EB65-4941-B269-A338DD93F9A8}.Release|Any CPU.ActiveCfg = Release|Any CPU
		{69D06896-EB65-4941-B269-A338DD93F9A8}.Release|Any CPU.Build.0 = Release|Any CPU
	EndGlobalSection
	GlobalSection(SolutionProperties) = preSolution
		HideSolutionNode = FALSE
	EndGlobalSection
	GlobalSection(ExtensibilityGlobals) = postSolution
		SolutionGuid = {0BF38404-D4D4-4697-9E90-2DFF5A8E74A1}
	EndGlobalSection
EndGlobal
